
Microsoft Visual Studio Solution File, Format Version 12.00
# Visual Studio Version 17
VisualStudioVersion = 17.7.34009.444
MinimumVisualStudioVersion = 10.0.40219.1
Project("{8BC9CEB8-8B4A-11D0-8D11-00A0C91BC942}") = "Class01.01", "Class01.01\Class01.01.vcxproj", "{D65BFDBC-79EB-46C4-9081-DD49125428D3}"
EndProject
Project("{8BC9CEB8-8B4A-11D0-8D11-00A0C91BC942}") = "Class04.06", "Class04.06\Class04.06.vcxproj", "{F6657D70-203C-4229-975B-391FDD0EC780}"
EndProject
Project("{8BC9CEB8-8B4A-11D0-8D11-00A0C91BC942}") = "Class06.01", "Class06.01\Class06.01.vcxproj", "{39D90499-8CB7-400A-93FB-3CBC05CCB927}"
EndProject
Project("{8BC9CEB8-8B4A-11D0-8D11-00A0C91BC942}") = "Class06.03", "Class06.03\Class06.03.vcxproj", "{A32CEB59-EDF9-4A08-B3E7-6405D9168730}"
EndProject
Project("{8BC9CEB8-8B4A-11D0-8D11-00A0C91BC942}") = "Class06.04", "Class06.04\Class06.04.vcxproj", "{2B32A3FB-CB73-4EC7-8C81-870A0C3F0D53}"
EndProject
Global
	GlobalSection(SolutionConfigurationPlatforms) = preSolution
		Debug|x64 = Debug|x64
		Debug|x86 = Debug|x86
		Release|x64 = Release|x64
		Release|x86 = Release|x86
	EndGlobalSection
	GlobalSection(ProjectConfigurationPlatforms) = postSolution
		{D65BFDBC-79EB-46C4-9081-DD49125428D3}.Debug|x64.ActiveCfg = Debug|x64
		{D65BFDBC-79EB-46C4-9081-DD49125428D3}.Debug|x64.Build.0 = Debug|x64
		{D65BFDBC-79EB-46C4-9081-DD49125428D3}.Debug|x86.ActiveCfg = Debug|Win32
		{D65BFDBC-79EB-46C4-9081-DD49125428D3}.Debug|x86.Build.0 = Debug|Win32
		{D65BFDBC-79EB-46C4-9081-DD49125428D3}.Release|x64.ActiveCfg = Release|x64
		{D65BFDBC-79EB-46C4-9081-DD49125428D3}.Release|x64.Build.0 = Release|x64
		{D65BFDBC-79EB-46C4-9081-DD49125428D3}.Release|x86.ActiveCfg = Release|Win32
		{D65BFDBC-79EB-46C4-9081-DD49125428D3}.Release|x86.Build.0 = Release|Win32
		{F6657D70-203C-4229-975B-391FDD0EC780}.Debug|x64.ActiveCfg = Debug|x64
		{F6657D70-203C-4229-975B-391FDD0EC780}.Debug|x64.Build.0 = Debug|x64
		{F6657D70-203C-4229-975B-391FDD0EC780}.Debug|x86.ActiveCfg = Debug|Win32
		{F6657D70-203C-4229-975B-391FDD0EC780}.Debug|x86.Build.0 = Debug|Win32
		{F6657D70-203C-4229-975B-391FDD0EC780}.Release|x64.ActiveCfg = Release|x64
		{F6657D70-203C-4229-975B-391FDD0EC780}.Release|x64.Build.0 = Release|x64
		{F6657D70-203C-4229-975B-391FDD0EC780}.Release|x86.ActiveCfg = Release|Win32
		{F6657D70-203C-4229-975B-391FDD0EC780}.Release|x86.Build.0 = Release|Win32
		{39D90499-8CB7-400A-93FB-3CBC05CCB927}.Debug|x64.ActiveCfg = Debug|x64
		{39D90499-8CB7-400A-93FB-3CBC05CCB927}.Debug|x64.Build.0 = Debug|x64
		{39D90499-8CB7-400A-93FB-3CBC05CCB927}.Debug|x86.ActiveCfg = Debug|Win32
		{39D90499-8CB7-400A-93FB-3CBC05CCB927}.Debug|x86.Build.0 = Debug|Win32
		{39D90499-8CB7-400A-93FB-3CBC05CCB927}.Release|x64.ActiveCfg = Release|x64
		{39D90499-8CB7-400A-93FB-3CBC05CCB927}.Release|x64.Build.0 = Release|x64
		{39D90499-8CB7-400A-93FB-3CBC05CCB927}.Release|x86.ActiveCfg = Release|Win32
		{39D90499-8CB7-400A-93FB-3CBC05CCB927}.Release|x86.Build.0 = Release|Win32
		{A32CEB59-EDF9-4A08-B3E7-6405D9168730}.Debug|x64.ActiveCfg = Debug|x64
		{A32CEB59-EDF9-4A08-B3E7-6405D9168730}.Debug|x64.Build.0 = Debug|x64
		{A32CEB59-EDF9-4A08-B3E7-6405D9168730}.Debug|x86.ActiveCfg = Debug|Win32
		{A32CEB59-EDF9-4A08-B3E7-6405D9168730}.Debug|x86.Build.0 = Debug|Win32
		{A32CEB59-EDF9-4A08-B3E7-6405D9168730}.Release|x64.ActiveCfg = Release|x64
		{A32CEB59-EDF9-4A08-B3E7-6405D9168730}.Release|x64.Build.0 = Release|x64
		{A32CEB59-EDF9-4A08-B3E7-6405D9168730}.Release|x86.ActiveCfg = Release|Win32
		{A32CEB59-EDF9-4A08-B3E7-6405D9168730}.Release|x86.Build.0 = Release|Win32
		{2B32A3FB-CB73-4EC7-8C81-870A0C3F0D53}.Debug|x64.ActiveCfg = Debug|x64
		{2B32A3FB-CB73-4EC7-8C81-870A0C3F0D53}.Debug|x64.Build.0 = Debug|x64
		{2B32A3FB-CB73-4EC7-8C81-870A0C3F0D53}.Debug|x86.ActiveCfg = Debug|Win32
		{2B32A3FB-CB73-4EC7-8C81-870A0C3F0D53}.Debug|x86.Build.0 = Debug|Win32
		{2B32A3FB-CB73-4EC7-8C81-870A0C3F0D53}.Release|x64.ActiveCfg = Release|x64
		{2B32A3FB-CB73-4EC7-8C81-870A0C3F0D53}.Release|x64.Build.0 = Release|x64
		{2B32A3FB-CB73-4EC7-8C81-870A0C3F0D53}.Release|x86.ActiveCfg = Release|Win32
		{2B32A3FB-CB73-4EC7-8C81-870A0C3F0D53}.Release|x86.Build.0 = Release|Win32
	EndGlobalSection
	GlobalSection(SolutionProperties) = preSolution
		HideSolutionNode = FALSE
	EndGlobalSection
	GlobalSection(ExtensibilityGlobals) = postSolution
		SolutionGuid = {B95283EF-AA3E-4E9F-B87F-51EDB6E265B7}
	EndGlobalSection
EndGlobal
